
Microsoft Visual Studio Solution File, Format Version 12.00
# Visual Studio Version 17
VisualStudioVersion = 17.5.002.0
MinimumVisualStudioVersion = 10.0.40219.1
Project("{9A19103F-16F7-4668-BE54-9A1E7A4F7556}") = "Singleton", "Singleton.csproj", "{E0FB2F0F-2E73-4588-9CBB-C79C0169BCF3}"
EndProject
Global
	GlobalSection(SolutionConfigurationPlatforms) = preSolution
		Debug|Any CPU = Debug|Any CPU
		Release|Any CPU = Release|Any CPU
	EndGlobalSection
	GlobalSection(ProjectConfigurationPlatforms) = postSolution
		{E0FB2F0F-2E73-4588-9CBB-C79C0169BCF3}.Debug|Any CPU.ActiveCfg = Debug|Any CPU
		{E0FB2F0F-2E73-4588-9CBB-C79C0169BCF3}.Debug|Any CPU.Build.0 = Debug|Any CPU
		{E0FB2F0F-2E73-4588-9CBB-C79C0169BCF3}.Release|Any CPU.ActiveCfg = Release|Any CPU
		{E0FB2F0F-2E73-4588-9CBB-C79C0169BCF3}.Release|Any CPU.Build.0 = Release|Any CPU
	EndGlobalSection
	GlobalSection(SolutionProperties) = preSolution
		HideSolutionNode = FALSE
	EndGlobalSection
	GlobalSection(ExtensibilityGlobals) = postSolution
		SolutionGuid = {54863AE0-C3F5-4073-A534-80879B881402}
	EndGlobalSection
EndGlobal
